
Microsoft Visual Studio Solution File, Format Version 12.00
# Visual Studio Version 17
VisualStudioVersion = 17.0.31903.59
MinimumVisualStudioVersion = 10.0.40219.1
Project("{FAE04EC0-301F-11D3-BF4B-00C04F79EFBC}") = "Supermarket", "src\Supermarket.csproj", "{7049D873-C8E4-4A9F-B775-677845BB4FF9}"
EndProject
Project("{FAE04EC0-301F-11D3-BF4B-00C04F79EFBC}") = "Supermarket.Test", "test\Supermarket.Test.csproj", "{09CA5451-6C06-45A2-B614-314C09175E97}"
EndProject
Global
	GlobalSection(SolutionConfigurationPlatforms) = preSolution
		Debug|Any CPU = Debug|Any CPU
		Release|Any CPU = Release|Any CPU
	EndGlobalSection
	GlobalSection(SolutionProperties) = preSolution
		HideSolutionNode = FALSE
	EndGlobalSection
	GlobalSection(ProjectConfigurationPlatforms) = postSolution
		{7049D873-C8E4-4A9F-B775-677845BB4FF9}.Debug|Any CPU.ActiveCfg = Debug|Any CPU
		{7049D873-C8E4-4A9F-B775-677845BB4FF9}.Debug|Any CPU.Build.0 = Debug|Any CPU
		{7049D873-C8E4-4A9F-B775-677845BB4FF9}.Release|Any CPU.ActiveCfg = Release|Any CPU
		{7049D873-C8E4-4A9F-B775-677845BB4FF9}.Release|Any CPU.Build.0 = Release|Any CPU
		{09CA5451-6C06-45A2-B614-314C09175E97}.Debug|Any CPU.ActiveCfg = Debug|Any CPU
		{09CA5451-6C06-45A2-B614-314C09175E97}.Debug|Any CPU.Build.0 = Debug|Any CPU
		{09CA5451-6C06-45A2-B614-314C09175E97}.Release|Any CPU.ActiveCfg = Release|Any CPU
		{09CA5451-6C06-45A2-B614-314C09175E97}.Release|Any CPU.Build.0 = Release|Any CPU
	EndGlobalSection
EndGlobal
